{
  "version": 4,
  "terraform_version": "1.1.6",
  "serial": 1306,
  "lineage": "7d3cd11d-cfc6-54c2-4edf-0117c2de535c",
  "outputs": {
    "developer_access_key": {
      "value": "AKIA5KZDAAKDOTEG5KC4",
      "type": "string"
    },
    "instance_ids": {
      "value": [
        "i-04a4c1dbe3775690a"
      ],
      "type": [
        "list",
        "string"
      ]
    },
    "instance_public_ips": {
      "value": [
        "54.238.192.182"
      ],
      "type": [
        "list",
        "string"
      ]
    }
  },
  "resources": [
    {
      "mode": "data",
      "type": "aws_instances",
      "name": "instances",
      "provider": "provider[\"registry.terraform.io/hashicorp/aws\"]",
      "instances": [
        {
          "schema_version": 0,
          "attributes": {
            "filter": null,
            "id": "ap-northeast-1",
            "ids": [
              "i-04a4c1dbe3775690a"
            ],
            "instance_state_names": [
              "running",
              "stopped"
            ],
            "instance_tags": null,
            "private_ips": [
              "10.1.0.235"
            ],
            "public_ips": [
              "54.238.192.182"
            ]
          },
          "sensitive_attributes": []
        }
      ]
    },
    {
      "mode": "managed",
      "type": "aws_iam_access_key",
      "name": "developer1_access_key",
      "provider": "provider[\"registry.terraform.io/hashicorp/aws\"]",
      "instances": [
        {
          "schema_version": 0,
          "attributes": {
            "create_date": "2022-07-20T04:03:43Z",
            "encrypted_secret": null,
            "encrypted_ses_smtp_password_v4": null,
            "id": "AKIA5KZDAAKDOTEG5KC4",
            "key_fingerprint": null,
            "pgp_key": null,
            "secret": "YeprGJhpaatbEyyKawL9/pjveMIepaexT2vYJ3LQ",
            "ses_smtp_password_v4": "BOTOWiCNEKja+kmHFADo/lb9CdduYZQRaWwJtlQvONv4",
            "status": "Active",
            "user": "developer1"
          },
          "sensitive_attributes": [],
          "private": "bnVsbA==",
          "dependencies": [
            "aws_iam_user.developer1"
          ]
        }
      ]
    },
    {
      "mode": "managed",
      "type": "aws_iam_group",
      "name": "developers",
      "provider": "provider[\"registry.terraform.io/hashicorp/aws\"]",
      "instances": [
        {
          "schema_version": 0,
          "attributes": {
            "arn": "arn:aws:iam::916512047750:group/developers",
            "id": "developers",
            "name": "developers",
            "path": "/",
            "unique_id": "AGPA5KZDAAKDFHXNCVSM4"
          },
          "sensitive_attributes": [],
          "private": "bnVsbA=="
        }
      ]
    },
    {
      "mode": "managed",
      "type": "aws_iam_group_policy",
      "name": "my_developer_policy",
      "provider": "provider[\"registry.terraform.io/hashicorp/aws\"]",
      "instances": [
        {
          "schema_version": 0,
          "attributes": {
            "group": "developers",
            "id": "developers:my_developer_policy",
            "name": "my_developer_policy",
            "name_prefix": null,
            "policy": "{\r\n  \"Version\": \"2012-10-17\",\r\n  \"Statement\": [\r\n    {\r\n      \"Effect\": \"Allow\",\r\n      \"Action\": [\r\n        \"ec2:*\"\r\n      ],\r\n      \"Resource\": [\r\n        \"*\"\r\n      ]\r\n    }\r\n  ]\r\n}"
          },
          "sensitive_attributes": [],
          "private": "bnVsbA==",
          "dependencies": [
            "aws_iam_group.developers"
          ]
        }
      ]
    },
    {
      "mode": "managed",
      "type": "aws_iam_instance_profile",
      "name": "instance_role",
      "provider": "provider[\"registry.terraform.io/hashicorp/aws\"]",
      "instances": [
        {
          "schema_version": 0,
          "attributes": {
            "arn": "arn:aws:iam::916512047750:instance-profile/sample-apprun_profile",
            "create_date": "2022-07-20T04:03:44Z",
            "id": "sample-apprun_profile",
            "name": "sample-apprun_profile",
            "name_prefix": null,
            "path": "/",
            "role": "sample-apprun_instance_role",
            "tags": {},
            "tags_all": {},
            "unique_id": "AIPA5KZDAAKDP5YBPZNSM"
          },
          "sensitive_attributes": [],
          "private": "bnVsbA==",
          "dependencies": [
            "aws_iam_role.instance_role"
          ]
        }
      ]
    },
    {
      "mode": "managed",
      "type": "aws_iam_policy",
      "name": "instance_policy",
      "provider": "provider[\"registry.terraform.io/hashicorp/aws\"]",
      "instances": [
        {
          "schema_version": 0,
          "attributes": {
            "arn": "arn:aws:iam::916512047750:policy/sample-apprun_instance_policy",
            "description": "",
            "id": "arn:aws:iam::916512047750:policy/sample-apprun_instance_policy",
            "name": "sample-apprun_instance_policy",
            "name_prefix": null,
            "path": "/",
            "policy": "{\"Statement\":[{\"Action\":[\"ec2:*\"],\"Effect\":\"Allow\",\"Resource\":[\"*\"]}],\"Version\":\"2012-10-17\"}",
            "policy_id": "ANPA5KZDAAKDEO2OPQZVI",
            "tags": {},
            "tags_all": {}
          },
          "sensitive_attributes": [],
          "private": "bnVsbA=="
        }
      ]
    },
    {
      "mode": "managed",
      "type": "aws_iam_role",
      "name": "instance_role",
      "provider": "provider[\"registry.terraform.io/hashicorp/aws\"]",
      "instances": [
        {
          "schema_version": 0,
          "attributes": {
            "arn": "arn:aws:iam::916512047750:role/sample-apprun_instance_role",
            "assume_role_policy": "{\"Version\":\"2012-10-17\",\"Statement\":[{\"Effect\":\"Allow\",\"Principal\":{\"Service\":\"spotfleet.amazonaws.com\"},\"Action\":\"sts:AssumeRole\"}]}",
            "create_date": "2022-07-20T04:03:43Z",
            "description": "The role for a instance with jenkins",
            "force_detach_policies": false,
            "id": "sample-apprun_instance_role",
            "inline_policy": [
              {
                "name": "",
                "policy": ""
              }
            ],
            "managed_policy_arns": [
              "arn:aws:iam::916512047750:policy/sample-apprun_instance_policy"
            ],
            "max_session_duration": 3600,
            "name": "sample-apprun_instance_role",
            "name_prefix": "",
            "path": "/",
            "permissions_boundary": null,
            "tags": {},
            "tags_all": {},
            "unique_id": "AROA5KZDAAKDPQ5X6A2ED"
          },
          "sensitive_attributes": [],
          "private": "bnVsbA=="
        }
      ]
    },
    {
      "mode": "managed",
      "type": "aws_iam_role_policy_attachment",
      "name": "instance_policy_attach",
      "provider": "provider[\"registry.terraform.io/hashicorp/aws\"]",
      "instances": [
        {
          "schema_version": 0,
          "attributes": {
            "id": "sample-apprun_instance_role-20220720040344131300000001",
            "policy_arn": "arn:aws:iam::916512047750:policy/sample-apprun_instance_policy",
            "role": "sample-apprun_instance_role"
          },
          "sensitive_attributes": [],
          "private": "bnVsbA==",
          "dependencies": [
            "aws_iam_policy.instance_policy",
            "aws_iam_role.instance_role"
          ]
        }
      ]
    },
    {
      "mode": "managed",
      "type": "aws_iam_user",
      "name": "developer1",
      "provider": "provider[\"registry.terraform.io/hashicorp/aws\"]",
      "instances": [
        {
          "schema_version": 0,
          "attributes": {
            "arn": "arn:aws:iam::916512047750:user/system/developer1",
            "force_destroy": false,
            "id": "developer1",
            "name": "developer1",
            "path": "/system/",
            "permissions_boundary": null,
            "tags": {
              "tag-key": "developer1"
            },
            "tags_all": {
              "tag-key": "developer1"
            },
            "unique_id": "AIDA5KZDAAKDNNHSCBOV4"
          },
          "sensitive_attributes": [],
          "private": "bnVsbA=="
        }
      ]
    },
    {
      "mode": "managed",
      "type": "aws_internet_gateway",
      "name": "internet_gw",
      "provider": "provider[\"registry.terraform.io/hashicorp/aws\"]",
      "instances": [
        {
          "schema_version": 0,
          "attributes": {
            "arn": "arn:aws:ec2:ap-northeast-1:916512047750:internet-gateway/igw-02a6ffa8145ffa10f",
            "id": "igw-02a6ffa8145ffa10f",
            "owner_id": "916512047750",
            "tags": {
              "Name": "sample-apprun_gw"
            },
            "tags_all": {
              "Name": "sample-apprun_gw"
            },
            "vpc_id": "vpc-040bdf3d66e68f675"
          },
          "sensitive_attributes": [],
          "private": "bnVsbA==",
          "dependencies": [
            "aws_vpc.myapp_vpc"
          ]
        }
      ]
    },
    {
      "mode": "managed",
      "type": "aws_key_pair",
      "name": "my_key_pair",
      "provider": "provider[\"registry.terraform.io/hashicorp/aws\"]",
      "instances": [
        {
          "schema_version": 1,
          "attributes": {
            "arn": "arn:aws:ec2:ap-northeast-1:916512047750:key-pair/id_rsa",
            "fingerprint": "0a:b8:6b:98:95:45:3e:d6:0f:b4:6b:24:de:63:56:0c",
            "id": "id_rsa",
            "key_name": "id_rsa",
            "key_name_prefix": "",
            "key_pair_id": "key-037048487ea8083e6",
            "key_type": "rsa",
            "public_key": "ssh-rsa AAAAB3NzaC1yc2EAAAADAQABAAABgQCmn1x+rAND0XlG0mIAFZv53qx/E8087jPWDPgZPhEz7LFkEGszgIVQroSy8aKeeE3IfogFXfGfHd+EJr3zbbdDnut3PO3VhPkXy8Z5rTuAD7HKmiqAKuHaatQg3RISv+4AFmfvuIfg2SILuGWunAkVT/w0Sex4sQlPsXwjndIu5A9jTwLeAY10d7+JhF6X3dqGrXKXNlKDvo+nSp3uUzq2w60KIbGx12rmB8GGhD1oq4BTDMorAHVZQKlx6nnKKQIP19qPZcLCXEnSP6W/YKLdGrMvitXNlh5TZv80e8sWv25pgolanopxwiXpfokAu76KlvRu0zFR++wmyhDLBGZaAhI338UZEGV+rYOPJuq7eNtSqNrlKFJ+aGX3CM9UOF8AVMV2iPKHH9tqpv7rxHPt+tAXJeEoJ2Fk6WESmFWEMpB8+/I6RUiE6ft+2lfe+2/TdLJCSCBzTjR8riT1wPXSrn0gm1yD/w8Up4E/BEiR70DqqJgp/QGoKcKOagLk9dk= root@ubuntu2204.localdomain",
            "tags": {},
            "tags_all": {}
          },
          "sensitive_attributes": [],
          "private": "eyJzY2hlbWFfdmVyc2lvbiI6IjEifQ=="
        }
      ]
    },
    {
      "mode": "managed",
      "type": "aws_route",
      "name": "my_app_route",
      "provider": "provider[\"registry.terraform.io/hashicorp/aws\"]",
      "instances": [
        {
          "schema_version": 0,
          "attributes": {
            "carrier_gateway_id": "",
            "core_network_arn": "",
            "destination_cidr_block": "0.0.0.0/0",
            "destination_ipv6_cidr_block": "",
            "destination_prefix_list_id": "",
            "egress_only_gateway_id": "",
            "gateway_id": "igw-02a6ffa8145ffa10f",
            "id": "r-rtb-0a18b93028068157b1080289494",
            "instance_id": "",
            "instance_owner_id": "",
            "local_gateway_id": "",
            "nat_gateway_id": "",
            "network_interface_id": "",
            "origin": "CreateRoute",
            "route_table_id": "rtb-0a18b93028068157b",
            "state": "active",
            "timeouts": null,
            "transit_gateway_id": "",
            "vpc_endpoint_id": "",
            "vpc_peering_connection_id": ""
          },
          "sensitive_attributes": [],
          "private": "eyJlMmJmYjczMC1lY2FhLTExZTYtOGY4OC0zNDM2M2JjN2M0YzAiOnsiY3JlYXRlIjozMDAwMDAwMDAwMDAsImRlbGV0ZSI6MzAwMDAwMDAwMDAwLCJ1cGRhdGUiOjEyMDAwMDAwMDAwMH19",
          "dependencies": [
            "aws_internet_gateway.internet_gw",
            "aws_route_table.myapp_route_table",
            "aws_vpc.myapp_vpc"
          ]
        }
      ]
    },
    {
      "mode": "managed",
      "type": "aws_route_table",
      "name": "myapp_route_table",
      "provider": "provider[\"registry.terraform.io/hashicorp/aws\"]",
      "instances": [
        {
          "schema_version": 0,
          "attributes": {
            "arn": "arn:aws:ec2:ap-northeast-1:916512047750:route-table/rtb-0a18b93028068157b",
            "id": "rtb-0a18b93028068157b",
            "owner_id": "916512047750",
            "propagating_vgws": [],
            "route": [
              {
                "carrier_gateway_id": "",
                "cidr_block": "0.0.0.0/0",
                "core_network_arn": "",
                "destination_prefix_list_id": "",
                "egress_only_gateway_id": "",
                "gateway_id": "igw-02a6ffa8145ffa10f",
                "instance_id": "",
                "ipv6_cidr_block": "",
                "local_gateway_id": "",
                "nat_gateway_id": "",
                "network_interface_id": "",
                "transit_gateway_id": "",
                "vpc_endpoint_id": "",
                "vpc_peering_connection_id": ""
              }
            ],
            "tags": {
              "Name": "sample-apprun_route_table"
            },
            "tags_all": {
              "Name": "sample-apprun_route_table"
            },
            "timeouts": null,
            "vpc_id": "vpc-040bdf3d66e68f675"
          },
          "sensitive_attributes": [],
          "private": "eyJlMmJmYjczMC1lY2FhLTExZTYtOGY4OC0zNDM2M2JjN2M0YzAiOnsiY3JlYXRlIjozMDAwMDAwMDAwMDAsImRlbGV0ZSI6MzAwMDAwMDAwMDAwLCJ1cGRhdGUiOjEyMDAwMDAwMDAwMH19",
          "dependencies": [
            "aws_vpc.myapp_vpc"
          ]
        }
      ]
    },
    {
      "mode": "managed",
      "type": "aws_route_table_association",
      "name": "example",
      "provider": "provider[\"registry.terraform.io/hashicorp/aws\"]",
      "instances": [
        {
          "schema_version": 0,
          "attributes": {
            "gateway_id": "",
            "id": "rtbassoc-07753ee3ddfe36c79",
            "route_table_id": "rtb-0a18b93028068157b",
            "subnet_id": "subnet-0ce4d9c88a4f36210"
          },
          "sensitive_attributes": [],
          "private": "bnVsbA==",
          "dependencies": [
            "aws_route_table.myapp_route_table",
            "aws_subnet.public_1a",
            "aws_vpc.myapp_vpc"
          ]
        }
      ]
    },
    {
      "mode": "managed",
      "type": "aws_route_table_association",
      "name": "pubic_1c",
      "provider": "provider[\"registry.terraform.io/hashicorp/aws\"]",
      "instances": [
        {
          "schema_version": 0,
          "attributes": {
            "gateway_id": "",
            "id": "rtbassoc-0dd1bf6f8c97bb9bd",
            "route_table_id": "rtb-0a18b93028068157b",
            "subnet_id": "subnet-0b68bceabba72ff40"
          },
          "sensitive_attributes": [],
          "private": "bnVsbA==",
          "dependencies": [
            "aws_route_table.myapp_route_table",
            "aws_subnet.public_1c",
            "aws_vpc.myapp_vpc"
          ]
        }
      ]
    },
    {
      "mode": "managed",
      "type": "aws_security_group",
      "name": "security_rule",
      "provider": "provider[\"registry.terraform.io/hashicorp/aws\"]",
      "instances": [
        {
          "schema_version": 1,
          "attributes": {
            "arn": "arn:aws:ec2:ap-northeast-1:916512047750:security-group/sg-05b25e8cc58215d34",
            "description": "Managed by Terraform",
            "egress": [
              {
                "cidr_blocks": [
                  "0.0.0.0/0"
                ],
                "description": "",
                "from_port": 0,
                "ipv6_cidr_blocks": [],
                "prefix_list_ids": [],
                "protocol": "-1",
                "security_groups": [],
                "self": false,
                "to_port": 0
              }
            ],
            "id": "sg-05b25e8cc58215d34",
            "ingress": [
              {
                "cidr_blocks": [
                  "0.0.0.0/0"
                ],
                "description": "",
                "from_port": -1,
                "ipv6_cidr_blocks": [],
                "prefix_list_ids": [],
                "protocol": "icmp",
                "security_groups": [],
                "self": false,
                "to_port": -1
              },
              {
                "cidr_blocks": [
                  "0.0.0.0/0"
                ],
                "description": "",
                "from_port": 22,
                "ipv6_cidr_blocks": [],
                "prefix_list_ids": [],
                "protocol": "tcp",
                "security_groups": [],
                "self": false,
                "to_port": 22
              },
              {
                "cidr_blocks": [
                  "0.0.0.0/0"
                ],
                "description": "",
                "from_port": 3000,
                "ipv6_cidr_blocks": [],
                "prefix_list_ids": [],
                "protocol": "tcp",
                "security_groups": [],
                "self": false,
                "to_port": 3000
              },
              {
                "cidr_blocks": [
                  "0.0.0.0/0"
                ],
                "description": "",
                "from_port": 80,
                "ipv6_cidr_blocks": [],
                "prefix_list_ids": [],
                "protocol": "tcp",
                "security_groups": [],
                "self": false,
                "to_port": 80
              }
            ],
            "name": "sample-apprun_security_rule",
            "name_prefix": "",
            "owner_id": "916512047750",
            "revoke_rules_on_delete": false,
            "tags": {
              "Name": "sample-apprun_security_rule"
            },
            "tags_all": {
              "Name": "sample-apprun_security_rule"
            },
            "timeouts": null,
            "vpc_id": "vpc-040bdf3d66e68f675"
          },
          "sensitive_attributes": [],
          "private": "eyJlMmJmYjczMC1lY2FhLTExZTYtOGY4OC0zNDM2M2JjN2M0YzAiOnsiY3JlYXRlIjo2MDAwMDAwMDAwMDAsImRlbGV0ZSI6OTAwMDAwMDAwMDAwfSwic2NoZW1hX3ZlcnNpb24iOiIxIn0=",
          "dependencies": [
            "aws_vpc.myapp_vpc"
          ]
        }
      ]
    },
    {
      "mode": "managed",
      "type": "aws_security_group_rule",
      "name": "in_http",
      "provider": "provider[\"registry.terraform.io/hashicorp/aws\"]",
      "instances": [
        {
          "schema_version": 2,
          "attributes": {
            "cidr_blocks": [
              "0.0.0.0/0"
            ],
            "description": "",
            "from_port": 80,
            "id": "sgrule-24120620",
            "ipv6_cidr_blocks": [],
            "prefix_list_ids": [],
            "protocol": "tcp",
            "security_group_id": "sg-05b25e8cc58215d34",
            "self": false,
            "source_security_group_id": null,
            "to_port": 80,
            "type": "ingress"
          },
          "sensitive_attributes": [],
          "private": "eyJzY2hlbWFfdmVyc2lvbiI6IjIifQ==",
          "dependencies": [
            "aws_security_group.security_rule",
            "aws_vpc.myapp_vpc"
          ]
        }
      ]
    },
    {
      "mode": "managed",
      "type": "aws_security_group_rule",
      "name": "in_http_dev",
      "provider": "provider[\"registry.terraform.io/hashicorp/aws\"]",
      "instances": [
        {
          "schema_version": 2,
          "attributes": {
            "cidr_blocks": [
              "0.0.0.0/0"
            ],
            "description": null,
            "from_port": 3030,
            "id": "sgrule-1360363390",
            "ipv6_cidr_blocks": null,
            "prefix_list_ids": null,
            "protocol": "tcp",
            "security_group_id": "sg-05b25e8cc58215d34",
            "self": false,
            "source_security_group_id": null,
            "to_port": 3030,
            "type": "ingress"
          },
          "sensitive_attributes": [],
          "private": "eyJzY2hlbWFfdmVyc2lvbiI6IjIifQ==",
          "dependencies": [
            "aws_security_group.security_rule"
          ]
        }
      ]
    },
    {
      "mode": "managed",
      "type": "aws_security_group_rule",
      "name": "in_icmp",
      "provider": "provider[\"registry.terraform.io/hashicorp/aws\"]",
      "instances": [
        {
          "schema_version": 2,
          "attributes": {
            "cidr_blocks": [
              "0.0.0.0/0"
            ],
            "description": "",
            "from_port": -1,
            "id": "sgrule-4156673179",
            "ipv6_cidr_blocks": [],
            "prefix_list_ids": [],
            "protocol": "icmp",
            "security_group_id": "sg-05b25e8cc58215d34",
            "self": false,
            "source_security_group_id": null,
            "to_port": -1,
            "type": "ingress"
          },
          "sensitive_attributes": [],
          "private": "eyJzY2hlbWFfdmVyc2lvbiI6IjIifQ==",
          "dependencies": [
            "aws_security_group.security_rule",
            "aws_vpc.myapp_vpc"
          ]
        }
      ]
    },
    {
      "mode": "managed",
      "type": "aws_security_group_rule",
      "name": "in_ssh",
      "provider": "provider[\"registry.terraform.io/hashicorp/aws\"]",
      "instances": [
        {
          "schema_version": 2,
          "attributes": {
            "cidr_blocks": [
              "0.0.0.0/0"
            ],
            "description": "",
            "from_port": 22,
            "id": "sgrule-3086635161",
            "ipv6_cidr_blocks": [],
            "prefix_list_ids": [],
            "protocol": "tcp",
            "security_group_id": "sg-05b25e8cc58215d34",
            "self": false,
            "source_security_group_id": null,
            "to_port": 22,
            "type": "ingress"
          },
          "sensitive_attributes": [],
          "private": "eyJzY2hlbWFfdmVyc2lvbiI6IjIifQ==",
          "dependencies": [
            "aws_security_group.security_rule",
            "aws_vpc.myapp_vpc"
          ]
        }
      ]
    },
    {
      "mode": "managed",
      "type": "aws_security_group_rule",
      "name": "out_all",
      "provider": "provider[\"registry.terraform.io/hashicorp/aws\"]",
      "instances": [
        {
          "schema_version": 2,
          "attributes": {
            "cidr_blocks": [
              "0.0.0.0/0"
            ],
            "description": "",
            "from_port": 0,
            "id": "sgrule-3423570986",
            "ipv6_cidr_blocks": [],
            "prefix_list_ids": [],
            "protocol": "-1",
            "security_group_id": "sg-05b25e8cc58215d34",
            "self": false,
            "source_security_group_id": null,
            "to_port": 0,
            "type": "egress"
          },
          "sensitive_attributes": [],
          "private": "eyJzY2hlbWFfdmVyc2lvbiI6IjIifQ==",
          "dependencies": [
            "aws_security_group.security_rule",
            "aws_vpc.myapp_vpc"
          ]
        }
      ]
    },
    {
      "mode": "managed",
      "type": "aws_spot_fleet_request",
      "name": "spot_instance_dev",
      "provider": "provider[\"registry.terraform.io/hashicorp/aws\"]",
      "instances": [
        {
          "schema_version": 1,
          "attributes": {
            "allocation_strategy": "lowestPrice",
            "client_token": "terraform-20220720040405567400000002",
            "excess_capacity_termination_policy": "Default",
            "fleet_type": "maintain",
            "iam_fleet_role": "arn:aws:iam::916512047750:role/sample-apprun_instance_role",
            "id": "sfr-772f6a7f-298c-4e07-9d1e-cff5c0166117",
            "instance_interruption_behaviour": "terminate",
            "instance_pools_to_use_count": 1,
            "launch_specification": [
              {
                "ami": "ami-07200fa04af91f087",
                "associate_public_ip_address": true,
                "availability_zone": "",
                "ebs_block_device": [],
                "ebs_optimized": false,
                "ephemeral_block_device": [],
                "iam_instance_profile": "",
                "iam_instance_profile_arn": "",
                "instance_type": "t2.large",
                "key_name": "id_rsa",
                "monitoring": false,
                "placement_group": "",
                "placement_tenancy": "",
                "root_block_device": [
                  {
                    "delete_on_termination": true,
                    "encrypted": false,
                    "iops": 0,
                    "kms_key_id": "",
                    "throughput": 0,
                    "volume_size": 12,
                    "volume_type": "gp2"
                  }
                ],
                "spot_price": "",
                "subnet_id": "subnet-0ce4d9c88a4f36210",
                "tags": {
                  "Name": "sample-apprun_dev_instance"
                },
                "user_data": "da39a3ee5e6b4b0d3255bfef95601890afd80709",
                "vpc_security_group_ids": [],
                "weighted_capacity": ""
              }
            ],
            "launch_template_config": [],
            "load_balancers": [],
            "on_demand_allocation_strategy": "lowestPrice",
            "on_demand_max_total_price": "",
            "on_demand_target_capacity": 0,
            "replace_unhealthy_instances": false,
            "spot_maintenance_strategies": [],
            "spot_price": null,
            "spot_request_state": "active",
            "tags": {},
            "tags_all": {},
            "target_capacity": 1,
            "target_group_arns": [],
            "terminate_instances_on_delete": null,
            "terminate_instances_with_expiration": true,
            "timeouts": null,
            "valid_from": null,
            "valid_until": null,
            "wait_for_fulfillment": true
          },
          "sensitive_attributes": [],
          "private": "eyJlMmJmYjczMC1lY2FhLTExZTYtOGY4OC0zNDM2M2JjN2M0YzAiOnsiY3JlYXRlIjo2MDAwMDAwMDAwMDAsImRlbGV0ZSI6OTAwMDAwMDAwMDAwLCJ1cGRhdGUiOjYwMDAwMDAwMDAwMH0sInNjaGVtYV92ZXJzaW9uIjoiMSJ9",
          "dependencies": [
            "aws_iam_role.instance_role",
            "aws_key_pair.my_key_pair",
            "aws_security_group.security_rule",
            "aws_subnet.public_1a",
            "aws_vpc.myapp_vpc"
          ]
        }
      ]
    },
    {
      "mode": "managed",
      "type": "aws_subnet",
      "name": "public_1a",
      "provider": "provider[\"registry.terraform.io/hashicorp/aws\"]",
      "instances": [
        {
          "schema_version": 1,
          "attributes": {
            "arn": "arn:aws:ec2:ap-northeast-1:916512047750:subnet/subnet-0ce4d9c88a4f36210",
            "assign_ipv6_address_on_creation": false,
            "availability_zone": "ap-northeast-1a",
            "availability_zone_id": "apne1-az4",
            "cidr_block": "10.1.0.0/24",
            "customer_owned_ipv4_pool": "",
            "enable_dns64": false,
            "enable_resource_name_dns_a_record_on_launch": false,
            "enable_resource_name_dns_aaaa_record_on_launch": false,
            "id": "subnet-0ce4d9c88a4f36210",
            "ipv6_cidr_block": "",
            "ipv6_cidr_block_association_id": "",
            "ipv6_native": false,
            "map_customer_owned_ip_on_launch": false,
            "map_public_ip_on_launch": false,
            "outpost_arn": "",
            "owner_id": "916512047750",
            "private_dns_hostname_type_on_launch": "ip-name",
            "tags": {
              "Name": "public_1a"
            },
            "tags_all": {
              "Name": "public_1a"
            },
            "timeouts": null,
            "vpc_id": "vpc-040bdf3d66e68f675"
          },
          "sensitive_attributes": [],
          "private": "eyJlMmJmYjczMC1lY2FhLTExZTYtOGY4OC0zNDM2M2JjN2M0YzAiOnsiY3JlYXRlIjo2MDAwMDAwMDAwMDAsImRlbGV0ZSI6MTIwMDAwMDAwMDAwMH0sInNjaGVtYV92ZXJzaW9uIjoiMSJ9",
          "dependencies": [
            "aws_vpc.myapp_vpc"
          ]
        }
      ]
    },
    {
      "mode": "managed",
      "type": "aws_subnet",
      "name": "public_1c",
      "provider": "provider[\"registry.terraform.io/hashicorp/aws\"]",
      "instances": [
        {
          "schema_version": 1,
          "attributes": {
            "arn": "arn:aws:ec2:ap-northeast-1:916512047750:subnet/subnet-0b68bceabba72ff40",
            "assign_ipv6_address_on_creation": false,
            "availability_zone": "ap-northeast-1c",
            "availability_zone_id": "apne1-az1",
            "cidr_block": "10.1.20.0/24",
            "customer_owned_ipv4_pool": "",
            "enable_dns64": false,
            "enable_resource_name_dns_a_record_on_launch": false,
            "enable_resource_name_dns_aaaa_record_on_launch": false,
            "id": "subnet-0b68bceabba72ff40",
            "ipv6_cidr_block": "",
            "ipv6_cidr_block_association_id": "",
            "ipv6_native": false,
            "map_customer_owned_ip_on_launch": false,
            "map_public_ip_on_launch": false,
            "outpost_arn": "",
            "owner_id": "916512047750",
            "private_dns_hostname_type_on_launch": "ip-name",
            "tags": {
              "Name": "public_1b"
            },
            "tags_all": {
              "Name": "public_1b"
            },
            "timeouts": null,
            "vpc_id": "vpc-040bdf3d66e68f675"
          },
          "sensitive_attributes": [],
          "private": "eyJlMmJmYjczMC1lY2FhLTExZTYtOGY4OC0zNDM2M2JjN2M0YzAiOnsiY3JlYXRlIjo2MDAwMDAwMDAwMDAsImRlbGV0ZSI6MTIwMDAwMDAwMDAwMH0sInNjaGVtYV92ZXJzaW9uIjoiMSJ9",
          "dependencies": [
            "aws_vpc.myapp_vpc"
          ]
        }
      ]
    },
    {
      "mode": "managed",
      "type": "aws_vpc",
      "name": "myapp_vpc",
      "provider": "provider[\"registry.terraform.io/hashicorp/aws\"]",
      "instances": [
        {
          "schema_version": 1,
          "attributes": {
            "arn": "arn:aws:ec2:ap-northeast-1:916512047750:vpc/vpc-040bdf3d66e68f675",
            "assign_generated_ipv6_cidr_block": true,
            "cidr_block": "10.1.0.0/16",
            "default_network_acl_id": "acl-0c74c2d8fe53caf41",
            "default_route_table_id": "rtb-00276cc527614facb",
            "default_security_group_id": "sg-0044b95a22484e029",
            "dhcp_options_id": "dopt-065c9dcd368795bca",
            "enable_classiclink": false,
            "enable_classiclink_dns_support": false,
            "enable_dns_hostnames": true,
            "enable_dns_support": true,
            "id": "vpc-040bdf3d66e68f675",
            "instance_tenancy": "default",
            "ipv4_ipam_pool_id": null,
            "ipv4_netmask_length": null,
            "ipv6_association_id": "vpc-cidr-assoc-0d73b3ac559bcf3cf",
            "ipv6_cidr_block": "2406:da14:b49:6400::/56",
            "ipv6_cidr_block_network_border_group": "ap-northeast-1",
            "ipv6_ipam_pool_id": "",
            "ipv6_netmask_length": 0,
            "main_route_table_id": "rtb-00276cc527614facb",
            "owner_id": "916512047750",
            "tags": {
              "Name": "sample-apprun_vpc"
            },
            "tags_all": {
              "Name": "sample-apprun_vpc"
            }
          },
          "sensitive_attributes": [],
          "private": "eyJzY2hlbWFfdmVyc2lvbiI6IjEifQ=="
        }
      ]
    }
  ]
}
